
Microsoft Visual Studio Solution File, Format Version 12.00
# Visual Studio Version 16
VisualStudioVersion = 16.0.31911.196
MinimumVisualStudioVersion = 10.0.40219.1
Project("{FAE04EC0-301F-11D3-BF4B-00C04F79EFBC}") = "quick_fingers_game", "quick_fingers_game\quick_fingers_game.csproj", "{90A29268-C09D-4145-9B25-8EF6B1E74714}"
EndProject
Global
	GlobalSection(SolutionConfigurationPlatforms) = preSolution
		Debug|Any CPU = Debug|Any CPU
		Release|Any CPU = Release|Any CPU
	EndGlobalSection
	GlobalSection(ProjectConfigurationPlatforms) = postSolution
		{90A29268-C09D-4145-9B25-8EF6B1E74714}.Debug|Any CPU.ActiveCfg = Debug|Any CPU
		{90A29268-C09D-4145-9B25-8EF6B1E74714}.Debug|Any CPU.Build.0 = Debug|Any CPU
		{90A29268-C09D-4145-9B25-8EF6B1E74714}.Release|Any CPU.ActiveCfg = Release|Any CPU
		{90A29268-C09D-4145-9B25-8EF6B1E74714}.Release|Any CPU.Build.0 = Release|Any CPU
	EndGlobalSection
	GlobalSection(SolutionProperties) = preSolution
		HideSolutionNode = FALSE
	EndGlobalSection
	GlobalSection(ExtensibilityGlobals) = postSolution
		SolutionGuid = {E9275DA7-822B-4518-95CC-8E2557D5B203}
	EndGlobalSection
EndGlobal
